
Microsoft Visual Studio Solution File, Format Version 12.00
# Visual Studio 14
VisualStudioVersion = 14.0.24720.0
MinimumVisualStudioVersion = 10.0.40219.1
Project("{FAE04EC0-301F-11D3-BF4B-00C04F79EFBC}") = "CroquetAustralia.Domain.Specifications", "tests\CroquetAustralia.Domain.Specifications\CroquetAustralia.Domain.Specifications.csproj", "{FF5658C0-C397-4DEF-B822-CE9036C42BBF}"
EndProject
Project("{FAE04EC0-301F-11D3-BF4B-00C04F79EFBC}") = "CroquetAustralia.Domain", "source\CroquetAustralia.Domain\CroquetAustralia.Domain.csproj", "{C86D3B2A-E9C8-4503-B502-DF5831685EB5}"
EndProject
Project("{2150E333-8FDC-42A3-9474-1A3956D46DE8}") = "Solution Items", "Solution Items", "{7D75A802-4D34-4964-9CCD-31757CF23A68}"
	ProjectSection(SolutionItems) = preProject
		README.md = README.md
	EndProjectSection
EndProject
Project("{FAE04EC0-301F-11D3-BF4B-00C04F79EFBC}") = "CroquetAustralia.CQRS", "source\CroquetAustralia.CQRS\CroquetAustralia.CQRS.csproj", "{E9A907C1-9AC1-4952-A81B-5993235BFF49}"
EndProject
Project("{FAE04EC0-301F-11D3-BF4B-00C04F79EFBC}") = "CroquetAustralia.CQRS.UnitTests", "tests\CroquetAustralia.CQRS.UnitTests\CroquetAustralia.CQRS.UnitTests.csproj", "{0498AD59-938D-4DE1-BFAD-F13DF4A0005D}"
EndProject
Global
	GlobalSection(SolutionConfigurationPlatforms) = preSolution
		Debug|Any CPU = Debug|Any CPU
		Release|Any CPU = Release|Any CPU
	EndGlobalSection
	GlobalSection(ProjectConfigurationPlatforms) = postSolution
		{FF5658C0-C397-4DEF-B822-CE9036C42BBF}.Debug|Any CPU.ActiveCfg = Debug|Any CPU
		{FF5658C0-C397-4DEF-B822-CE9036C42BBF}.Debug|Any CPU.Build.0 = Debug|Any CPU
		{FF5658C0-C397-4DEF-B822-CE9036C42BBF}.Release|Any CPU.ActiveCfg = Release|Any CPU
		{FF5658C0-C397-4DEF-B822-CE9036C42BBF}.Release|Any CPU.Build.0 = Release|Any CPU
		{C86D3B2A-E9C8-4503-B502-DF5831685EB5}.Debug|Any CPU.ActiveCfg = Debug|Any CPU
		{C86D3B2A-E9C8-4503-B502-DF5831685EB5}.Debug|Any CPU.Build.0 = Debug|Any CPU
		{C86D3B2A-E9C8-4503-B502-DF5831685EB5}.Release|Any CPU.ActiveCfg = Release|Any CPU
		{C86D3B2A-E9C8-4503-B502-DF5831685EB5}.Release|Any CPU.Build.0 = Release|Any CPU
		{E9A907C1-9AC1-4952-A81B-5993235BFF49}.Debug|Any CPU.ActiveCfg = Debug|Any CPU
		{E9A907C1-9AC1-4952-A81B-5993235BFF49}.Debug|Any CPU.Build.0 = Debug|Any CPU
		{E9A907C1-9AC1-4952-A81B-5993235BFF49}.Release|Any CPU.ActiveCfg = Release|Any CPU
		{E9A907C1-9AC1-4952-A81B-5993235BFF49}.Release|Any CPU.Build.0 = Release|Any CPU
		{0498AD59-938D-4DE1-BFAD-F13DF4A0005D}.Debug|Any CPU.ActiveCfg = Debug|Any CPU
		{0498AD59-938D-4DE1-BFAD-F13DF4A0005D}.Debug|Any CPU.Build.0 = Debug|Any CPU
		{0498AD59-938D-4DE1-BFAD-F13DF4A0005D}.Release|Any CPU.ActiveCfg = Release|Any CPU
		{0498AD59-938D-4DE1-BFAD-F13DF4A0005D}.Release|Any CPU.Build.0 = Release|Any CPU
	EndGlobalSection
	GlobalSection(SolutionProperties) = preSolution
		HideSolutionNode = FALSE
	EndGlobalSection
EndGlobal
